
Microsoft Visual Studio Solution File, Format Version 12.00
# Visual Studio Version 16
VisualStudioVersion = 16.0.31205.134
MinimumVisualStudioVersion = 10.0.40219.1
Project("{FAE04EC0-301F-11D3-BF4B-00C04F79EFBC}") = "PlaneSpotterBackEnd", "PlaneSpotterBackEnd.csproj", "{5AA20D79-E899-4552-A9F1-A0EAB4193474}"
EndProject
Global
	GlobalSection(SolutionConfigurationPlatforms) = preSolution
		Debug|Any CPU = Debug|Any CPU
		Release|Any CPU = Release|Any CPU
	EndGlobalSection
	GlobalSection(ProjectConfigurationPlatforms) = postSolution
		{5AA20D79-E899-4552-A9F1-A0EAB4193474}.Debug|Any CPU.ActiveCfg = Debug|Any CPU
		{5AA20D79-E899-4552-A9F1-A0EAB4193474}.Debug|Any CPU.Build.0 = Debug|Any CPU
		{5AA20D79-E899-4552-A9F1-A0EAB4193474}.Release|Any CPU.ActiveCfg = Release|Any CPU
		{5AA20D79-E899-4552-A9F1-A0EAB4193474}.Release|Any CPU.Build.0 = Release|Any CPU
	EndGlobalSection
	GlobalSection(SolutionProperties) = preSolution
		HideSolutionNode = FALSE
	EndGlobalSection
	GlobalSection(ExtensibilityGlobals) = postSolution
		SolutionGuid = {2017C23A-5172-4BE4-BE00-5A2B3E022261}
	EndGlobalSection
EndGlobal
